# THIS IS AN AUTOGENERATED FILE. DO NOT EDIT THIS FILE DIRECTLY.
# yarn lockfile v1


"@algolia/cache-browser-local-storage@4.0.3":
  version "4.0.3"
  resolved "https://registry.yarnpkg.com/@algolia/cache-browser-local-storage/-/cache-browser-local-storage-4.0.3.tgz#17db602aeeb7e50427617d176e2b5191eccedaff"
  integrity sha512-iHzUP7ZP09Cd48aAu58OnERchgdho/5l12YoL70AXLeDmyu/ZTENuGHiSwM2NHFE+nM4naH0N9krxtVf3/5HSg==
  dependencies:
    "@algolia/cache-common" "4.0.3"

"@algolia/cache-common@4.0.3":
  version "4.0.3"
  resolved "https://registry.yarnpkg.com/@algolia/cache-common/-/cache-common-4.0.3.tgz#a30c786153353487ae19ebac9a448e67a060d801"
  integrity sha512-5XwhDpT3bxbLc/NRJayNN7Yfj9UrqZERKjcwv2D1nl3DFa55St9czspbU9XaDns3NhyPY5XipBYJEafWa8NtVA==

"@algolia/cache-in-memory@4.0.3":
  version "4.0.3"
  resolved "https://registry.yarnpkg.com/@algolia/cache-in-memory/-/cache-in-memory-4.0.3.tgz#52e8733dd7fe994c601b10ba84940ae8d044bed4"
  integrity sha512-2eiyV+2oYbpErHNKzcITblVuw2K0qVyFfWxpSQVg5TUWg+PrEfvxAa3oDpcFvkvw/E4lIdvwt2AG8e5ldI11qQ==
  dependencies:
    "@algolia/cache-common" "4.0.3"

"@algolia/client-account@4.0.3":
  version "4.0.3"
  resolved "https://registry.yarnpkg.com/@algolia/client-account/-/client-account-4.0.3.tgz#6f7d9dc9922b32d38fd694c05d4a2a65878cad0d"
  integrity sha512-qMdMD746HjzqGUH+M5yDdinPzDwLK7HSLoyfZqCDaqZD4oxhI0pwvwyTnrSQ+LngWe9wMhu/l+uhipo0libilA==
  dependencies:
    "@algolia/client-common" "4.0.3"
    "@algolia/client-search" "4.0.3"
    "@algolia/transporter" "4.0.3"

"@algolia/client-analytics@4.0.3":
  version "4.0.3"
  resolved "https://registry.yarnpkg.com/@algolia/client-analytics/-/client-analytics-4.0.3.tgz#760bb7573b9e8fc0baaef54096031ef72071158c"
  integrity sha512-y9J6iWowtvc5iKarIYi9FJC7QJJ0y06vvZI8Pa6UC99KyGEosxHiw8vVSlcWdz48nVbDpqvszD/ocpnU1eoGFQ==
  dependencies:
    "@algolia/client-common" "4.0.3"
    "@algolia/client-search" "4.0.3"
    "@algolia/requester-common" "4.0.3"
    "@algolia/transporter" "4.0.3"

"@algolia/client-common@4.0.3":
  version "4.0.3"
  resolved "https://registry.yarnpkg.com/@algolia/client-common/-/client-common-4.0.3.tgz#786bc4f76d6942c57a26220fc1ac4c600182a23a"
  integrity sha512-pAuPT0LH/k0HB1ZfNBbfylPApruVenxn1EZWYDJcuEWkXe8yde+rTOA1355C6M2oz8khEYxKHoCckGUlz6WKSw==
  dependencies:
    "@algolia/requester-common" "4.0.3"
    "@algolia/transporter" "4.0.3"

"@algolia/client-recommendation@4.0.3":
  version "4.0.3"
  resolved "https://registry.yarnpkg.com/@algolia/client-recommendation/-/client-recommendation-4.0.3.tgz#98da5fbbf7be60c82e891bd92022e042a65d2971"
  integrity sha512-svki0hByAMPCEJhzU//6qCpEPt2e7HABMmWVybHX+fxElBnJrYkLu5lukRX6xZYyCtqob5EMWUIOVpFUSsfe+A==
  dependencies:
    "@algolia/client-common" "4.0.3"
    "@algolia/requester-common" "4.0.3"
    "@algolia/transporter" "4.0.3"

"@algolia/client-search@4.0.3":
  version "4.0.3"
  resolved "https://registry.yarnpkg.com/@algolia/client-search/-/client-search-4.0.3.tgz#4d47e998c81670e16269345a3fb265f0add0d8ee"
  integrity sha512-Q4XE9SlQuxJQfOxOZA4u1MA9H5xOu2TBjmlCBG4tOsUq79u6uK5w/qfIfzvorIg7PrItIC2eGTkykD8HmBkIEA==
  dependencies:
    "@algolia/client-common" "4.0.3"
    "@algolia/requester-common" "4.0.3"
    "@algolia/transporter" "4.0.3"

"@algolia/logger-common@4.0.3":
  version "4.0.3"
  resolved "https://registry.yarnpkg.com/@algolia/logger-common/-/logger-common-4.0.3.tgz#71d9ce352294b2a7796ff9ebe9951336729ad684"
  integrity sha512-DC7JiFc6cXQk6Ut5RS8M5ieBHtfUBBFmUXaJtloqcANNmAdFZnOcayIgRYz+fGXEkz2AzhObReN0vZ45BmiVBQ==

"@algolia/logger-console@4.0.3":
  version "4.0.3"
  resolved "https://registry.yarnpkg.com/@algolia/logger-console/-/logger-console-4.0.3.tgz#e4957d9b287bbf26a10fcee7110ece2ca827f793"
  integrity sha512-KXHXpwZ4cNsjC18GpwflBO/v9J/dW7bksnVmjaCCAdYKY2e1XnD5P8hCrYe2QIIwa6+HB9IB/5aYMtE4NNj3sg==
  dependencies:
    "@algolia/logger-common" "4.0.3"

"@algolia/requester-browser-xhr@4.0.3":
  version "4.0.3"
  resolved "https://registry.yarnpkg.com/@algolia/requester-browser-xhr/-/requester-browser-xhr-4.0.3.tgz#1413517aae6923cc7fd707a279cb441d9d762602"
  integrity sha512-cj4BBbuX7fLA5EJLkesfENY1Q9pSMpJuzvtvyy18jhPavMY2qL4Y9NFbQo03ENnmD2qnDfdIK17cJLa+QaINwg==
  dependencies:
    "@algolia/requester-common" "4.0.3"

"@algolia/requester-common@4.0.3":
  version "4.0.3"
  resolved "https://registry.yarnpkg.com/@algolia/requester-common/-/requester-common-4.0.3.tgz#251507731d219f9e1338444b8c60d693a39fc014"
  integrity sha512-6zfTEW17a/S/M/rBtvMO37pHJ3eqXQorCsoCKpcJXE1gV16Yt8pB9HqylnepC+xv9bMgCn72YkfWmhrGjW/hkA==

"@algolia/requester-node-http@4.0.3":
  version "4.0.3"
  resolved "https://registry.yarnpkg.com/@algolia/requester-node-http/-/requester-node-http-4.0.3.tgz#3201f5dd4106ee5b3c3be30ce2f684b30256906b"
  integrity sha512-TCddXMrfieNWDbQwxikOUZGJoYvN2MFCB+d8Yw3/RhwHasB4B5mWQ/8pvtgihlH13FILSVY1IB9ghC9SZBK6rw==
  dependencies:
    "@algolia/requester-common" "4.0.3"

"@algolia/transporter@4.0.3":
  version "4.0.3"
  resolved "https://registry.yarnpkg.com/@algolia/transporter/-/transporter-4.0.3.tgz#75a107f6b4d4333ef4f82a63e4fb755bdea7b98a"
  integrity sha512-ol6mXCL+DAGplpE5erN5Nrcq/aZLVxpQg6V5BK0fK0YDSiCCrucRpuwGW6SkxhlgdyGQbl/4s5hZJ+ucYpK+3w==
  dependencies:
    "@algolia/cache-common" "4.0.3"
    "@algolia/logger-common" "4.0.3"
    "@algolia/requester-common" "4.0.3"

algoliasearch@^4.0.3:
  version "4.0.3"
  resolved "https://registry.yarnpkg.com/algoliasearch/-/algoliasearch-4.0.3.tgz#3e3808840e628ba428f87689d998f0b30ddd1256"
  integrity sha512-/4aFAPDoFGEDsx3c0ggKfRC1FeEdtM1HyWMwVe/wkHf/GH6CF67NFNIaBgkqt4i/SYAs92WL8B2Y8cDEMQGfGg==
  dependencies:
    "@algolia/cache-browser-local-storage" "4.0.3"
    "@algolia/cache-common" "4.0.3"
    "@algolia/cache-in-memory" "4.0.3"
    "@algolia/client-account" "4.0.3"
    "@algolia/client-analytics" "4.0.3"
    "@algolia/client-common" "4.0.3"
    "@algolia/client-recommendation" "4.0.3"
    "@algolia/client-search" "4.0.3"
    "@algolia/logger-common" "4.0.3"
    "@algolia/logger-console" "4.0.3"
    "@algolia/requester-browser-xhr" "4.0.3"
    "@algolia/requester-common" "4.0.3"
    "@algolia/requester-node-http" "4.0.3"
    "@algolia/transporter" "4.0.3"

decode-uri-component@^0.2.0:
  version "0.2.0"
  resolved "https://registry.yarnpkg.com/decode-uri-component/-/decode-uri-component-0.2.0.tgz#eb3913333458775cb84cd1a1fae062106bb87545"
  integrity sha1-6zkTMzRYd1y4TNGh+uBiEGu4dUU=

node-fetch@^2.6.0:
  version "2.6.0"
  resolved "https://registry.yarnpkg.com/node-fetch/-/node-fetch-2.6.0.tgz#e633456386d4aa55863f676a7ab0daa8fdecb0fd"
  integrity sha512-8dG4H5ujfvFiqDmVu9fQ5bOHUC15JMjMY/Zumv26oOvvVJjM67KF8koCWIabKQ1GJIa9r2mMZscBq/TbdOcmNA==

query-string@^6.11.0:
  version "6.11.0"
  resolved "https://registry.yarnpkg.com/query-string/-/query-string-6.11.0.tgz#dc27a05733d1be66f16d0f83dfa957270f45f66d"
  integrity sha512-jS+me8X3OEGFTsF6kF+vUUMFG/d3WUCvD7bHhfZP5784nOq1pjj8yau/u86nfOncmcN6ZkSWKWkKAvv/MGxzLA==
  dependencies:
    decode-uri-component "^0.2.0"
    split-on-first "^1.0.0"
    strict-uri-encode "^2.0.0"

split-on-first@^1.0.0:
  version "1.1.0"
  resolved "https://registry.yarnpkg.com/split-on-first/-/split-on-first-1.1.0.tgz#f610afeee3b12bce1d0c30425e76398b78249a5f"
  integrity sha512-43ZssAJaMusuKWL8sKUBQXHWOpq8d6CfN/u1p4gUzfJkM05C8rxTmYrkIPTXapZpORA6LkkzcUulJ8FqA7Uudw==

strict-uri-encode@^2.0.0:
  version "2.0.0"
  resolved "https://registry.yarnpkg.com/strict-uri-encode/-/strict-uri-encode-2.0.0.tgz#b9c7330c7042862f6b142dc274bbcc5866ce3546"
  integrity sha1-ucczDHBChi9rFC3CdLvMWGbONUY=
